// !$*UTF8*$!
{
	archiveVersion = 1;
	classes = {
	};
	objectVersion = 77;
	objects = {

/* Begin PBXBuildFile section */
		841E4CA22E8B3F2200B7AC4D /* SwiftProtobuf in Frameworks */ = {isa = PBXBuildFile; productRef = 841E4CA12E8B3F2200B7AC4D /* SwiftProtobuf */; };
		841E4CA42E8B3F2200B7AC4D /* SwiftProtobufPluginLibrary in Frameworks */ = {isa = PBXBuildFile; productRef = 841E4CA32E8B3F2200B7AC4D /* SwiftProtobufPluginLibrary */; };
		841E4CA82E8B3F2200B7AC4D /* protoc-gen-swift in Frameworks */ = {isa = PBXBuildFile; productRef = 841E4CA72E8B3F2200B7AC4D /* protoc-gen-swift */; };
/* End PBXBuildFile section */

/* Begin PBXContainerItemProxy section */
		841E4C752E8B3CBB00B7AC4D /* PBXContainerItemProxy */ = {
			isa = PBXContainerItemProxy;
			containerPortal = 841E4C5F2E8B3CBA00B7AC4D /* Project object */;
			proxyType = 1;
			remoteGlobalIDString = 841E4C662E8B3CBA00B7AC4D;
			remoteInfo = OffTheCloud;
		};
		841E4C7F2E8B3CBB00B7AC4D /* PBXContainerItemProxy */ = {
			isa = PBXContainerItemProxy;
			containerPortal = 841E4C5F2E8B3CBA00B7AC4D /* Project object */;
			proxyType = 1;
			remoteGlobalIDString = 841E4C662E8B3CBA00B7AC4D;
			remoteInfo = OffTheCloud;
		};
/* End PBXContainerItemProxy section */

/* Begin PBXFileReference section */
		841E4C672E8B3CBA00B7AC4D /* OffTheCloud.app */ = {isa = PBXFileReference; explicitFileType = wrapper.application; includeInIndex = 0; path = OffTheCloud.app; sourceTree = BUILT_PRODUCTS_DIR; };
		841E4C742E8B3CBB00B7AC4D /* OffTheCloudTests.xctest */ = {isa = PBXFileReference; explicitFileType = wrapper.cfbundle; includeInIndex = 0; path = OffTheCloudTests.xctest; sourceTree = BUILT_PRODUCTS_DIR; };
		841E4C7E2E8B3CBB00B7AC4D /* OffTheCloudUITests.xctest */ = {isa = PBXFileReference; explicitFileType = wrapper.cfbundle; includeInIndex = 0; path = OffTheCloudUITests.xctest; sourceTree = BUILT_PRODUCTS_DIR; };
/* End PBXFileReference section */

/* Begin PBXFileSystemSynchronizedRootGroup section */
		841E4C692E8B3CBA00B7AC4D /* OffTheCloud */ = {
			isa = PBXFileSystemSynchronizedRootGroup;
			path = OffTheCloud;
			sourceTree = "<group>";
		};
		841E4C772E8B3CBB00B7AC4D /* OffTheCloudTests */ = {
			isa = PBXFileSystemSynchronizedRootGroup;
			path = OffTheCloudTests;
			sourceTree = "<group>";
		};
		841E4C812E8B3CBB00B7AC4D /* OffTheCloudUITests */ = {
			isa = PBXFileSystemSynchronizedRootGroup;
			path = OffTheCloudUITests;
			sourceTree = "<group>";
		};
/* End PBXFileSystemSynchronizedRootGroup section */

/* Begin PBXFrameworksBuildPhase section */
		841E4C642E8B3CBA00B7AC4D /* Frameworks */ = {
			isa = PBXFrameworksBuildPhase;
			buildActionMask = 2147483647;
			files = (
				841E4CA82E8B3F2200B7AC4D /* protoc-gen-swift in Frameworks */,
				841E4CA42E8B3F2200B7AC4D /* SwiftProtobufPluginLibrary in Frameworks */,
				841E4CA22E8B3F2200B7AC4D /* SwiftProtobuf in Frameworks */,
			);
			runOnlyForDeploymentPostprocessing = 0;
		};
		841E4C712E8B3CBB00B7AC4D /* Frameworks */ = {
			isa = PBXFrameworksBuildPhase;
			buildActionMask = 2147483647;
			files = (
			);
			runOnlyForDeploymentPostprocessing = 0;
		};
		841E4C7B2E8B3CBB00B7AC4D /* Frameworks */ = {
			isa = PBXFrameworksBuildPhase;
			buildActionMask = 2147483647;
			files = (
			);
			runOnlyForDeploymentPostprocessing = 0;
		};
/* End PBXFrameworksBuildPhase section */

/* Begin PBXGroup section */
		841E4C5E2E8B3CBA00B7AC4D = {
			isa = PBXGroup;
			children = (
				841E4C692E8B3CBA00B7AC4D /* OffTheCloud */,
				841E4C772E8B3CBB00B7AC4D /* OffTheCloudTests */,
				841E4C812E8B3CBB00B7AC4D /* OffTheCloudUITests */,
				841E4C9F2E8B3EA300B7AC4D /* Frameworks */,
				841E4C682E8B3CBA00B7AC4D /* Products */,
			);
			sourceTree = "<group>";
		};
		841E4C682E8B3CBA00B7AC4D /* Products */ = {
			isa = PBXGroup;
			children = (
				841E4C672E8B3CBA00B7AC4D /* OffTheCloud.app */,
				841E4C742E8B3CBB00B7AC4D /* OffTheCloudTests.xctest */,
				841E4C7E2E8B3CBB00B7AC4D /* OffTheCloudUITests.xctest */,
			);
			name = Products;
			sourceTree = "<group>";
		};
		841E4C9F2E8B3EA300B7AC4D /* Frameworks */ = {
			isa = PBXGroup;
			children = (
			);
			name = Frameworks;
			sourceTree = "<group>";
		};
/* End PBXGroup section */

/* Begin PBXNativeTarget section */
		841E4C662E8B3CBA00B7AC4D /* OffTheCloud */ = {
			isa = PBXNativeTarget;
			buildConfigurationList = 841E4C882E8B3CBC00B7AC4D /* Build configuration list for PBXNativeTarget "OffTheCloud" */;
			buildPhases = (
				841E4C632E8B3CBA00B7AC4D /* Sources */,
				841E4C642E8B3CBA00B7AC4D /* Frameworks */,
				841E4C652E8B3CBA00B7AC4D /* Resources */,
			);
			buildRules = (
			);
			dependencies = (
			);
			fileSystemSynchronizedGroups = (
				841E4C692E8B3CBA00B7AC4D /* OffTheCloud */,
			);
			name = OffTheCloud;
			packageProductDependencies = (
				841E4CA12E8B3F2200B7AC4D /* SwiftProtobuf */,
				841E4CA32E8B3F2200B7AC4D /* SwiftProtobufPluginLibrary */,
				841E4CA72E8B3F2200B7AC4D /* protoc-gen-swift */,
			);
			productName = OffTheCloud;
			productReference = 841E4C672E8B3CBA00B7AC4D /* OffTheCloud.app */;
			productType = "com.apple.product-type.application";
		};
		841E4C732E8B3CBB00B7AC4D /* OffTheCloudTests */ = {
			isa = PBXNativeTarget;
			buildConfigurationList = 841E4C8B2E8B3CBC00B7AC4D /* Build configuration list for PBXNativeTarget "OffTheCloudTests" */;
			buildPhases = (
				841E4C702E8B3CBB00B7AC4D /* Sources */,
				841E4C712E8B3CBB00B7AC4D /* Frameworks */,
				841E4C722E8B3CBB00B7AC4D /* Resources */,
			);
			buildRules = (
			);
			dependencies = (
				841E4C762E8B3CBB00B7AC4D /* PBXTargetDependency */,
			);
			fileSystemSynchronizedGroups = (
				841E4C772E8B3CBB00B7AC4D /* OffTheCloudTests */,
			);
			name = OffTheCloudTests;
			packageProductDependencies = (
			);
			productName = OffTheCloudTests;
			productReference = 841E4C742E8B3CBB00B7AC4D /* OffTheCloudTests.xctest */;
			productType = "com.apple.product-type.bundle.unit-test";
		};
		841E4C7D2E8B3CBB00B7AC4D /* OffTheCloudUITests */ = {
			isa = PBXNativeTarget;
			buildConfigurationList = 841E4C8E2E8B3CBC00B7AC4D /* Build configuration list for PBXNativeTarget "OffTheCloudUITests" */;
			buildPhases = (
				841E4C7A2E8B3CBB00B7AC4D /* Sources */,
				841E4C7B2E8B3CBB00B7AC4D /* Frameworks */,
				841E4C7C2E8B3CBB00B7AC4D /* Resources */,
			);
			buildRules = (
			);
			dependencies = (
				841E4C802E8B3CBB00B7AC4D /* PBXTargetDependency */,
			);
			fileSystemSynchronizedGroups = (
				841E4C812E8B3CBB00B7AC4D /* OffTheCloudUITests */,
			);
			name = OffTheCloudUITests;
			packageProductDependencies = (
			);
			productName = OffTheCloudUITests;
			productReference = 841E4C7E2E8B3CBB00B7AC4D /* OffTheCloudUITests.xctest */;
			productType = "com.apple.product-type.bundle.ui-testing";
		};
/* End PBXNativeTarget section */

/* Begin PBXProject section */
		841E4C5F2E8B3CBA00B7AC4D /* Project object */ = {
			isa = PBXProject;
			attributes = {
				BuildIndependentTargetsInParallel = 1;
				LastSwiftUpdateCheck = 2600;
				LastUpgradeCheck = 2600;
				TargetAttributes = {
					841E4C662E8B3CBA00B7AC4D = {
						CreatedOnToolsVersion = 26.0.1;
						LastSwiftMigration = 2600;
					};
					841E4C732E8B3CBB00B7AC4D = {
						CreatedOnToolsVersion = 26.0.1;
						TestTargetID = 841E4C662E8B3CBA00B7AC4D;
					};
					841E4C7D2E8B3CBB00B7AC4D = {
						CreatedOnToolsVersion = 26.0.1;
						TestTargetID = 841E4C662E8B3CBA00B7AC4D;
					};
				};
			};
			buildConfigurationList = 841E4C622E8B3CBA00B7AC4D /* Build configuration list for PBXProject "OffTheCloud" */;
			developmentRegion = en;
			hasScannedForEncodings = 0;
			knownRegions = (
				en,
				Base,
			);
			mainGroup = 841E4C5E2E8B3CBA00B7AC4D;
			minimizedProjectReferenceProxies = 1;
			packageReferences = (
				841E4CA02E8B3F2200B7AC4D /* XCRemoteSwiftPackageReference "swift-protobuf" */,
			);
			preferredProjectObjectVersion = 77;
			productRefGroup = 841E4C682E8B3CBA00B7AC4D /* Products */;
			projectDirPath = "";
			projectRoot = "";
			targets = (
				841E4C662E8B3CBA00B7AC4D /* OffTheCloud */,
				841E4C732E8B3CBB00B7AC4D /* OffTheCloudTests */,
				841E4C7D2E8B3CBB00B7AC4D /* OffTheCloudUITests */,
			);
		};
/* End PBXProject section */

/* Begin PBXResourcesBuildPhase section */
		841E4C652E8B3CBA00B7AC4D /* Resources */ = {
			isa = PBXResourcesBuildPhase;
			buildActionMask = 2147483647;
			files = (
			);
			runOnlyForDeploymentPostprocessing = 0;
		};
		841E4C722E8B3CBB00B7AC4D /* Resources */ = {
			isa = PBXResourcesBuildPhase;
			buildActionMask = 2147483647;
			files = (
			);
			runOnlyForDeploymentPostprocessing = 0;
		};
		841E4C7C2E8B3CBB00B7AC4D /* Resources */ = {
			isa = PBXResourcesBuildPhase;
			buildActionMask = 2147483647;
			files = (
			);
			runOnlyForDeploymentPostprocessing = 0;
		};
/* End PBXResourcesBuildPhase section */

/* Begin PBXSourcesBuildPhase section */
		841E4C632E8B3CBA00B7AC4D /* Sources */ = {
			isa = PBXSourcesBuildPhase;
			buildActionMask = 2147483647;
			files = (
			);
			runOnlyForDeploymentPostprocessing = 0;
		};
		841E4C702E8B3CBB00B7AC4D /* Sources */ = {
			isa = PBXSourcesBuildPhase;
			buildActionMask = 2147483647;
			files = (
			);
			runOnlyForDeploymentPostprocessing = 0;
		};
		841E4C7A2E8B3CBB00B7AC4D /* Sources */ = {
			isa = PBXSourcesBuildPhase;
			buildActionMask = 2147483647;
			files = (
			);
			runOnlyForDeploymentPostprocessing = 0;
		};
/* End PBXSourcesBuildPhase section */

/* Begin PBXTargetDependency section */
		841E4C762E8B3CBB00B7AC4D /* PBXTargetDependency */ = {
			isa = PBXTargetDependency;
			target = 841E4C662E8B3CBA00B7AC4D /* OffTheCloud */;
			targetProxy = 841E4C752E8B3CBB00B7AC4D /* PBXContainerItemProxy */;
		};
		841E4C802E8B3CBB00B7AC4D /* PBXTargetDependency */ = {
			isa = PBXTargetDependency;
			target = 841E4C662E8B3CBA00B7AC4D /* OffTheCloud */;
			targetProxy = 841E4C7F2E8B3CBB00B7AC4D /* PBXContainerItemProxy */;
		};
/* End PBXTargetDependency section */

/* Begin XCBuildConfiguration section */
		841E4C862E8B3CBC00B7AC4D /* Debug */ = {
			isa = XCBuildConfiguration;
			buildSettings = {
				ALWAYS_SEARCH_USER_PATHS = NO;
				ASSETCATALOG_COMPILER_GENERATE_SWIFT_ASSET_SYMBOL_EXTENSIONS = YES;
				CLANG_ANALYZER_NONNULL = YES;
				CLANG_ANALYZER_NUMBER_OBJECT_CONVERSION = YES_AGGRESSIVE;
				CLANG_CXX_LANGUAGE_STANDARD = "gnu++20";
				CLANG_ENABLE_MODULES = YES;
				CLANG_ENABLE_OBJC_ARC = YES;
				CLANG_ENABLE_OBJC_WEAK = YES;
				CLANG_WARN_BLOCK_CAPTURE_AUTORELEASING = YES;
				CLANG_WARN_BOOL_CONVERSION = YES;
				CLANG_WARN_COMMA = YES;
				CLANG_WARN_CONSTANT_CONVERSION = YES;
				CLANG_WARN_DEPRECATED_OBJC_IMPLEMENTATIONS = YES;
				CLANG_WARN_DIRECT_OBJC_ISA_USAGE = YES_ERROR;
				CLANG_WARN_DOCUMENTATION_COMMENTS = YES;
				CLANG_WARN_EMPTY_BODY = YES;
				CLANG_WARN_ENUM_CONVERSION = YES;
				CLANG_WARN_INFINITE_RECURSION = YES;
				CLANG_WARN_INT_CONVERSION = YES;
				CLANG_WARN_NON_LITERAL_NULL_CONVERSION = YES;
				CLANG_WARN_OBJC_IMPLICIT_RETAIN_SELF = YES;
				CLANG_WARN_OBJC_LITERAL_CONVERSION = YES;
				CLANG_WARN_OBJC_ROOT_CLASS = YES_ERROR;
				CLANG_WARN_QUOTED_INCLUDE_IN_FRAMEWORK_HEADER = YES;
				CLANG_WARN_RANGE_LOOP_ANALYSIS = YES;
				CLANG_WARN_STRICT_PROTOTYPES = YES;
				CLANG_WARN_SUSPICIOUS_MOVE = YES;
				CLANG_WARN_UNGUARDED_AVAILABILITY = YES_AGGRESSIVE;
				CLANG_WARN_UNREACHABLE_CODE = YES;
				CLANG_WARN__DUPLICATE_METHOD_MATCH = YES;
				COPY_PHASE_STRIP = NO;
				DEBUG_INFORMATION_FORMAT = dwarf;
				DEVELOPMENT_TEAM = S7JR3LN436;
				ENABLE_STRICT_OBJC_MSGSEND = YES;
				ENABLE_TESTABILITY = YES;
				ENABLE_USER_SCRIPT_SANDBOXING = YES;
				GCC_C_LANGUAGE_STANDARD = gnu17;
				GCC_DYNAMIC_NO_PIC = NO;
				GCC_NO_COMMON_BLOCKS = YES;
				GCC_OPTIMIZATION_LEVEL = 0;
				GCC_PREPROCESSOR_DEFINITIONS = (
					"DEBUG=1",
					"$(inherited)",
				);
				GCC_WARN_64_TO_32_BIT_CONVERSION = YES;
				GCC_WARN_ABOUT_RETURN_TYPE = YES_ERROR;
				GCC_WARN_UNDECLARED_SELECTOR = YES;
				GCC_WARN_UNINITIALIZED_AUTOS = YES_AGGRESSIVE;
				GCC_WARN_UNUSED_FUNCTION = YES;
				GCC_WARN_UNUSED_VARIABLE = YES;
				LOCALIZATION_PREFERS_STRING_CATALOGS = YES;
				MACOSX_DEPLOYMENT_TARGET = 15.6;
				MTL_ENABLE_DEBUG_INFO = INCLUDE_SOURCE;
				MTL_FAST_MATH = YES;
				ONLY_ACTIVE_ARCH = YES;
				SDKROOT = macosx;
				SWIFT_ACTIVE_COMPILATION_CONDITIONS = "DEBUG $(inherited)";
				SWIFT_OPTIMIZATION_LEVEL = "-Onone";
			};
			name = Debug;
		};
		841E4C872E8B3CBC00B7AC4D /* Release */ = {
			isa = XCBuildConfiguration;
			buildSettings = {
				ALWAYS_SEARCH_USER_PATHS = NO;
				ASSETCATALOG_COMPILER_GENERATE_SWIFT_ASSET_SYMBOL_EXTENSIONS = YES;
				CLANG_ANALYZER_NONNULL = YES;
				CLANG_ANALYZER_NUMBER_OBJECT_CONVERSION = YES_AGGRESSIVE;
				CLANG_CXX_LANGUAGE_STANDARD = "gnu++20";
				CLANG_ENABLE_MODULES = YES;
				CLANG_ENABLE_OBJC_ARC = YES;
				CLANG_ENABLE_OBJC_WEAK = YES;
				CLANG_WARN_BLOCK_CAPTURE_AUTORELEASING = YES;
				CLANG_WARN_BOOL_CONVERSION = YES;
				CLANG_WARN_COMMA = YES;
				CLANG_WARN_CONSTANT_CONVERSION = YES;
				CLANG_WARN_DEPRECATED_OBJC_IMPLEMENTATIONS = YES;
				CLANG_WARN_DIRECT_OBJC_ISA_USAGE = YES_ERROR;
				CLANG_WARN_DOCUMENTATION_COMMENTS = YES;
				CLANG_WARN_EMPTY_BODY = YES;
				CLANG_WARN_ENUM_CONVERSION = YES;
				CLANG_WARN_INFINITE_RECURSION = YES;
				CLANG_WARN_INT_CONVERSION = YES;
				CLANG_WARN_NON_LITERAL_NULL_CONVERSION = YES;
				CLANG_WARN_OBJC_IMPLICIT_RETAIN_SELF = YES;
				CLANG_WARN_OBJC_LITERAL_CONVERSION = YES;
				CLANG_WARN_OBJC_ROOT_CLASS = YES_ERROR;
				CLANG_WARN_QUOTED_INCLUDE_IN_FRAMEWORK_HEADER = YES;
				CLANG_WARN_RANGE_LOOP_ANALYSIS = YES;
				CLANG_WARN_STRICT_PROTOTYPES = YES;
				CLANG_WARN_SUSPICIOUS_MOVE = YES;
				CLANG_WARN_UNGUARDED_AVAILABILITY = YES_AGGRESSIVE;
				CLANG_WARN_UNREACHABLE_CODE = YES;
				CLANG_WARN__DUPLICATE_METHOD_MATCH = YES;
				COPY_PHASE_STRIP = NO;
				DEBUG_INFORMATION_FORMAT = "dwarf-with-dsym";
				DEVELOPMENT_TEAM = S7JR3LN436;
				ENABLE_NS_ASSERTIONS = NO;
				ENABLE_STRICT_OBJC_MSGSEND = YES;
				ENABLE_USER_SCRIPT_SANDBOXING = YES;
				GCC_C_LANGUAGE_STANDARD = gnu17;
				GCC_NO_COMMON_BLOCKS = YES;
				GCC_WARN_64_TO_32_BIT_CONVERSION = YES;
				GCC_WARN_ABOUT_RETURN_TYPE = YES_ERROR;
				GCC_WARN_UNDECLARED_SELECTOR = YES;
				GCC_WARN_UNINITIALIZED_AUTOS = YES_AGGRESSIVE;
				GCC_WARN_UNUSED_FUNCTION = YES;
				GCC_WARN_UNUSED_VARIABLE = YES;
				LOCALIZATION_PREFERS_STRING_CATALOGS = YES;
				MACOSX_DEPLOYMENT_TARGET = 15.6;
				MTL_ENABLE_DEBUG_INFO = NO;
				MTL_FAST_MATH = YES;
				SDKROOT = macosx;
				SWIFT_COMPILATION_MODE = wholemodule;
			};
			name = Release;
		};
		841E4C892E8B3CBC00B7AC4D /* Debug */ = {
			isa = XCBuildConfiguration;
			buildSettings = {
				ASSETCATALOG_COMPILER_APPICON_NAME = AppIcon;
				ASSETCATALOG_COMPILER_GLOBAL_ACCENT_COLOR_NAME = AccentColor;
				ASSETCATALOG_COMPILER_INCLUDE_ALL_APPICON_ASSETS = NO;
				CLANG_ENABLE_MODULES = YES;
				CODE_SIGN_STYLE = Automatic;
				COMBINE_HIDPI_IMAGES = YES;
				CURRENT_PROJECT_VERSION = 1;
				DEVELOPMENT_TEAM = S7JR3LN436;
				ENABLE_APP_SANDBOX = YES;
				ENABLE_HARDENED_RUNTIME = YES;
				ENABLE_INCOMING_NETWORK_CONNECTIONS = NO;
				ENABLE_OUTGOING_NETWORK_CONNECTIONS = YES;
				ENABLE_PREVIEWS = YES;
				ENABLE_RESOURCE_ACCESS_AUDIO_INPUT = NO;
				ENABLE_RESOURCE_ACCESS_BLUETOOTH = NO;
				ENABLE_RESOURCE_ACCESS_CALENDARS = NO;
				ENABLE_RESOURCE_ACCESS_CAMERA = NO;
				ENABLE_RESOURCE_ACCESS_CONTACTS = NO;
				ENABLE_RESOURCE_ACCESS_LOCATION = NO;
				ENABLE_RESOURCE_ACCESS_PRINTING = NO;
				ENABLE_RESOURCE_ACCESS_USB = NO;
				ENABLE_USER_SELECTED_FILES = readwrite;
				GENERATE_INFOPLIST_FILE = YES;
				INFOPLIST_KEY_NSHumanReadableCopyright = "";
				LD_RUNPATH_SEARCH_PATHS = (
					"$(inherited)",
					"@executable_path/../Frameworks",
				);
				MARKETING_VERSION = 1.0;
				PRODUCT_BUNDLE_IDENTIFIER = otc.OffTheCloud;
				PRODUCT_NAME = "$(TARGET_NAME)";
				REGISTER_APP_GROUPS = YES;
				STRING_CATALOG_GENERATE_SYMBOLS = YES;
				SWIFT_APPROACHABLE_CONCURRENCY = YES;
				SWIFT_DEFAULT_ACTOR_ISOLATION = nonisolated;
				SWIFT_EMIT_LOC_STRINGS = YES;
				SWIFT_OPTIMIZATION_LEVEL = "-Onone";
				SWIFT_UPCOMING_FEATURE_MEMBER_IMPORT_VISIBILITY = YES;
				SWIFT_VERSION = 5.0;
			};
			name = Debug;
		};
		841E4C8A2E8B3CBC00B7AC4D /* Release */ = {
			isa = XCBuildConfiguration;
			buildSettings = {
				ASSETCATALOG_COMPILER_APPICON_NAME = AppIcon;
				ASSETCATALOG_COMPILER_GLOBAL_ACCENT_COLOR_NAME = AccentColor;
				ASSETCATALOG_COMPILER_INCLUDE_ALL_APPICON_ASSETS = NO;
				CLANG_ENABLE_MODULES = YES;
				CODE_SIGN_STYLE = Automatic;
				COMBINE_HIDPI_IMAGES = YES;
				CURRENT_PROJECT_VERSION = 1;
				DEVELOPMENT_TEAM = S7JR3LN436;
				ENABLE_APP_SANDBOX = YES;
				ENABLE_HARDENED_RUNTIME = YES;
				ENABLE_INCOMING_NETWORK_CONNECTIONS = NO;
				ENABLE_OUTGOING_NETWORK_CONNECTIONS = YES;
				ENABLE_PREVIEWS = YES;
				ENABLE_RESOURCE_ACCESS_AUDIO_INPUT = NO;
				ENABLE_RESOURCE_ACCESS_BLUETOOTH = NO;
				ENABLE_RESOURCE_ACCESS_CALENDARS = NO;
				ENABLE_RESOURCE_ACCESS_CAMERA = NO;
				ENABLE_RESOURCE_ACCESS_CONTACTS = NO;
				ENABLE_RESOURCE_ACCESS_LOCATION = NO;
				ENABLE_RESOURCE_ACCESS_PRINTING = NO;
				ENABLE_RESOURCE_ACCESS_USB = NO;
				ENABLE_USER_SELECTED_FILES = readwrite;
				GENERATE_INFOPLIST_FILE = YES;
				INFOPLIST_KEY_NSHumanReadableCopyright = "";
				LD_RUNPATH_SEARCH_PATHS = (
					"$(inherited)",
					"@executable_path/../Frameworks",
				);
				MARKETING_VERSION = 1.0;
				PRODUCT_BUNDLE_IDENTIFIER = otc.OffTheCloud;
				PRODUCT_NAME = "$(TARGET_NAME)";
				REGISTER_APP_GROUPS = YES;
				STRING_CATALOG_GENERATE_SYMBOLS = YES;
				SWIFT_APPROACHABLE_CONCURRENCY = YES;
				SWIFT_DEFAULT_ACTOR_ISOLATION = nonisolated;
				SWIFT_EMIT_LOC_STRINGS = YES;
				SWIFT_UPCOMING_FEATURE_MEMBER_IMPORT_VISIBILITY = YES;
				SWIFT_VERSION = 5.0;
			};
			name = Release;
		};
		841E4C8C2E8B3CBC00B7AC4D /* Debug */ = {
			isa = XCBuildConfiguration;
			buildSettings = {
				BUNDLE_LOADER = "$(TEST_HOST)";
				CODE_SIGN_STYLE = Automatic;
				CURRENT_PROJECT_VERSION = 1;
				DEVELOPMENT_TEAM = S7JR3LN436;
				GENERATE_INFOPLIST_FILE = YES;
				MACOSX_DEPLOYMENT_TARGET = 15.6;
				MARKETING_VERSION = 1.0;
				PRODUCT_BUNDLE_IDENTIFIER = otc.OffTheCloudTests;
				PRODUCT_NAME = "$(TARGET_NAME)";
				STRING_CATALOG_GENERATE_SYMBOLS = NO;
				SWIFT_APPROACHABLE_CONCURRENCY = YES;
				SWIFT_EMIT_LOC_STRINGS = NO;
				SWIFT_UPCOMING_FEATURE_MEMBER_IMPORT_VISIBILITY = YES;
				SWIFT_VERSION = 5.0;
				TEST_HOST = "$(BUILT_PRODUCTS_DIR)/OffTheCloud.app/$(BUNDLE_EXECUTABLE_FOLDER_PATH)/OffTheCloud";
			};
			name = Debug;
		};
		841E4C8D2E8B3CBC00B7AC4D /* Release */ = {
			isa = XCBuildConfiguration;
			buildSettings = {
				BUNDLE_LOADER = "$(TEST_HOST)";
				CODE_SIGN_STYLE = Automatic;
				CURRENT_PROJECT_VERSION = 1;
				DEVELOPMENT_TEAM = S7JR3LN436;
				GENERATE_INFOPLIST_FILE = YES;
				MACOSX_DEPLOYMENT_TARGET = 15.6;
				MARKETING_VERSION = 1.0;
				PRODUCT_BUNDLE_IDENTIFIER = otc.OffTheCloudTests;
				PRODUCT_NAME = "$(TARGET_NAME)";
				STRING_CATALOG_GENERATE_SYMBOLS = NO;
				SWIFT_APPROACHABLE_CONCURRENCY = YES;
				SWIFT_EMIT_LOC_STRINGS = NO;
				SWIFT_UPCOMING_FEATURE_MEMBER_IMPORT_VISIBILITY = YES;
				SWIFT_VERSION = 5.0;
				TEST_HOST = "$(BUILT_PRODUCTS_DIR)/OffTheCloud.app/$(BUNDLE_EXECUTABLE_FOLDER_PATH)/OffTheCloud";
			};
			name = Release;
		};
		841E4C8F2E8B3CBC00B7AC4D /* Debug */ = {
			isa = XCBuildConfiguration;
			buildSettings = {
				CODE_SIGN_STYLE = Automatic;
				CURRENT_PROJECT_VERSION = 1;
				DEVELOPMENT_TEAM = S7JR3LN436;
				GENERATE_INFOPLIST_FILE = YES;
				MARKETING_VERSION = 1.0;
				PRODUCT_BUNDLE_IDENTIFIER = otc.OffTheCloudUITests;
				PRODUCT_NAME = "$(TARGET_NAME)";
				STRING_CATALOG_GENERATE_SYMBOLS = NO;
				SWIFT_APPROACHABLE_CONCURRENCY = YES;
				SWIFT_EMIT_LOC_STRINGS = NO;
				SWIFT_UPCOMING_FEATURE_MEMBER_IMPORT_VISIBILITY = YES;
				SWIFT_VERSION = 5.0;
				TEST_TARGET_NAME = OffTheCloud;
			};
			name = Debug;
		};
		841E4C902E8B3CBC00B7AC4D /* Release */ = {
			isa = XCBuildConfiguration;
			buildSettings = {
				CODE_SIGN_STYLE = Automatic;
				CURRENT_PROJECT_VERSION = 1;
				DEVELOPMENT_TEAM = S7JR3LN436;
				GENERATE_INFOPLIST_FILE = YES;
				MARKETING_VERSION = 1.0;
				PRODUCT_BUNDLE_IDENTIFIER = otc.OffTheCloudUITests;
				PRODUCT_NAME = "$(TARGET_NAME)";
				STRING_CATALOG_GENERATE_SYMBOLS = NO;
				SWIFT_APPROACHABLE_CONCURRENCY = YES;
				SWIFT_EMIT_LOC_STRINGS = NO;
				SWIFT_UPCOMING_FEATURE_MEMBER_IMPORT_VISIBILITY = YES;
				SWIFT_VERSION = 5.0;
				TEST_TARGET_NAME = OffTheCloud;
			};
			name = Release;
		};
/* End XCBuildConfiguration section */

/* Begin XCConfigurationList section */
		841E4C622E8B3CBA00B7AC4D /* Build configuration list for PBXProject "OffTheCloud" */ = {
			isa = XCConfigurationList;
			buildConfigurations = (
				841E4C862E8B3CBC00B7AC4D /* Debug */,
				841E4C872E8B3CBC00B7AC4D /* Release */,
			);
			defaultConfigurationIsVisible = 0;
			defaultConfigurationName = Release;
		};
		841E4C882E8B3CBC00B7AC4D /* Build configuration list for PBXNativeTarget "OffTheCloud" */ = {
			isa = XCConfigurationList;
			buildConfigurations = (
				841E4C892E8B3CBC00B7AC4D /* Debug */,
				841E4C8A2E8B3CBC00B7AC4D /* Release */,
			);
			defaultConfigurationIsVisible = 0;
			defaultConfigurationName = Release;
		};
		841E4C8B2E8B3CBC00B7AC4D /* Build configuration list for PBXNativeTarget "OffTheCloudTests" */ = {
			isa = XCConfigurationList;
			buildConfigurations = (
				841E4C8C2E8B3CBC00B7AC4D /* Debug */,
				841E4C8D2E8B3CBC00B7AC4D /* Release */,
			);
			defaultConfigurationIsVisible = 0;
			defaultConfigurationName = Release;
		};
		841E4C8E2E8B3CBC00B7AC4D /* Build configuration list for PBXNativeTarget "OffTheCloudUITests" */ = {
			isa = XCConfigurationList;
			buildConfigurations = (
				841E4C8F2E8B3CBC00B7AC4D /* Debug */,
				841E4C902E8B3CBC00B7AC4D /* Release */,
			);
			defaultConfigurationIsVisible = 0;
			defaultConfigurationName = Release;
		};
/* End XCConfigurationList section */

/* Begin XCRemoteSwiftPackageReference section */
		841E4CA02E8B3F2200B7AC4D /* XCRemoteSwiftPackageReference "swift-protobuf" */ = {
			isa = XCRemoteSwiftPackageReference;
			repositoryURL = "https://github.com/apple/swift-protobuf.git";
			requirement = {
				kind = upToNextMajorVersion;
				minimumVersion = 1.31.1;
			};
		};
/* End XCRemoteSwiftPackageReference section */

/* Begin XCSwiftPackageProductDependency section */
		841E4CA12E8B3F2200B7AC4D /* SwiftProtobuf */ = {
			isa = XCSwiftPackageProductDependency;
			package = 841E4CA02E8B3F2200B7AC4D /* XCRemoteSwiftPackageReference "swift-protobuf" */;
			productName = SwiftProtobuf;
		};
		841E4CA32E8B3F2200B7AC4D /* SwiftProtobufPluginLibrary */ = {
			isa = XCSwiftPackageProductDependency;
			package = 841E4CA02E8B3F2200B7AC4D /* XCRemoteSwiftPackageReference "swift-protobuf" */;
			productName = SwiftProtobufPluginLibrary;
		};
		841E4CA72E8B3F2200B7AC4D /* protoc-gen-swift */ = {
			isa = XCSwiftPackageProductDependency;
			package = 841E4CA02E8B3F2200B7AC4D /* XCRemoteSwiftPackageReference "swift-protobuf" */;
			productName = "protoc-gen-swift";
		};
/* End XCSwiftPackageProductDependency section */
	};
	rootObject = 841E4C5F2E8B3CBA00B7AC4D /* Project object */;
}
